{
  "version": 4,
  "terraform_version": "1.7.5",
  "serial": 1,
  "lineage": "78b13909-9755-9cfc-d658-d44173639cff",
  "outputs": {},
  "resources": [
    {
      "mode": "managed",
      "type": "local_file",
      "name": "learning",
      "provider": "provider[\"registry.terraform.io/hashicorp/local\"]",
      "instances": [
        {
          "schema_version": 0,
          "attributes": {
            "content": "Hey Genius!",
            "content_base64": null,
            "content_base64sha256": "ybEZ+l+eoEamiQC5Ma7L8d2Sw2vo0G1dDFvQVKZ4R4c=",
            "content_base64sha512": "IVbO/5jHTrf8ftOWX0CYuptETsV8CB8pBIFp01F+NhoRBy+A3PgKxMap64ZO7mjdkuO7VO1b8tUr8r0Tj4j5SA==",
            "content_md5": "b8355704b1afb415d24cbc752895b546",
            "content_sha1": "858ae01ad4c9a16ef17458f61fe7770c760cbca3",
            "content_sha256": "c9b119fa5f9ea046a68900b931aecbf1dd92c36be8d06d5d0c5bd054a6784787",
            "content_sha512": "2156ceff98c74eb7fc7ed3965f4098ba9b444ec57c081f29048169d3517e361a11072f80dcf80ac4c6a9eb864eee68dd92e3bb54ed5bf2d52bf2bd138f88f948",
            "directory_permission": "0777",
            "file_permission": "0777",
            "filename": "/home/ubuntu/DevOps/terraform/local/learning.txt",
            "id": "858ae01ad4c9a16ef17458f61fe7770c760cbca3",
            "sensitive_content": null,
            "source": null
          },
          "sensitive_attributes": []
        }
      ]
    }
  ],
  "check_results": null
}
